{
  "originHash" : "f1339786070e97ca6ecc60edfbb703bc2e978dd4afc499ebd4712c55f55b7042",
  "pins" : [
    {
      "identity" : "cocoaasyncsocket",
      "kind" : "remoteSourceControl",
      "location" : "https://github.com/robbiehanson/CocoaAsyncSocket",
      "state" : {
        "revision" : "dbdc00669c1ced63b27c3c5f052ee4d28f10150c",
        "version" : "7.6.5"
      }
    },
    {
      "identity" : "defaults",
      "kind" : "remoteSourceControl",
      "location" : "https://github.com/sindresorhus/Defaults",
      "state" : {
        "branch" : "main",
        "revision" : "b8c1e7c869aa9faba91edb7fdb0b0a2637740ec0"
      }
    },
    {
      "identity" : "osckit",
      "kind" : "remoteSourceControl",
      "location" : "https://github.com/orchetect/OSCKit",
      "state" : {
        "revision" : "998ceeeb06a53deda96ba29a1a581d417217e5f8",
        "version" : "0.5.1"
      }
    },
    {
      "identity" : "sparkle",
      "kind" : "remoteSourceControl",
      "location" : "https://github.com/sparkle-project/Sparkle",
      "state" : {
        "revision" : "0ef1ee0220239b3776f433314515fd849025673f",
        "version" : "2.6.4"
      }
    },
    {
      "identity" : "swiftascii",
      "kind" : "remoteSourceControl",
      "location" : "https://github.com/orchetect/SwiftASCII",
      "state" : {
        "revision" : "81efd5731286be759e91096043be10384034ee57",
        "version" : "1.1.3"
      }
    },
    {
      "identity" : "trs-system",
      "kind" : "remoteSourceControl",
      "location" : "https://github.com/derKlinke/trs-system",
      "state" : {
        "revision" : "d17b84c9634441cdb0ac57a4cbfca60f3fb81ea7",
        "version" : "0.1.1"
      }
    }
  ],
  "version" : 3
}
