{
  "originHash" : "f1339786070e97ca6ecc60edfbb703bc2e978dd4afc499ebd4712c55f55b7042",
  "pins" : [
    {
      "identity" : "cocoaasyncsocket",
      "kind" : "remoteSourceControl",
      "location" : "https://github.com/robbiehanson/CocoaAsyncSocket",
      "state" : {
        "revision" : "dbdc00669c1ced63b27c3c5f052ee4d28f10150c",
        "version" : "7.6.5"
      }
    },
    {
      "identity" : "defaults",
      "kind" : "remoteSourceControl",
      "location" : "https://github.com/sindresorhus/Defaults",
      "state" : {
        "branch" : "main",
        "revision" : "d8a954e69ff13b0f7805f3757c8f8d0c8ef5a8cb"
      }
    },
    {
      "identity" : "osckit",
      "kind" : "remoteSourceControl",
      "location" : "https://github.com/orchetect/OSCKit",
      "state" : {
        "revision" : "998ceeeb06a53deda96ba29a1a581d417217e5f8",
        "version" : "0.5.1"
      }
    },
    {
      "identity" : "sparkle",
      "kind" : "remoteSourceControl",
      "location" : "https://github.com/sparkle-project/Sparkle",
      "state" : {
        "revision" : "b456fd404954a9e13f55aa0c88cd5a40b8399638",
        "version" : "2.6.3"
      }
    },
    {
      "identity" : "swiftascii",
      "kind" : "remoteSourceControl",
      "location" : "https://github.com/orchetect/SwiftASCII",
      "state" : {
        "revision" : "81efd5731286be759e91096043be10384034ee57",
        "version" : "1.1.3"
      }
    },
    {
      "identity" : "trs-system",
      "kind" : "remoteSourceControl",
      "location" : "https://github.com/derKlinke/trs-system",
      "state" : {
        "branch" : "main",
        "revision" : "4c183e42b6c98f45d9a5509bd35f514a67168a8d"
      }
    }
  ],
  "version" : 3
}
