// !$*UTF8*$!
{
	archiveVersion = 1;
	classes = {
	};
	objectVersion = 60;
	objects = {

/* Begin PBXBuildFile section */
		4617406B2C31C29D00676EFE /* FontStyles.swift in Sources */ = {isa = PBXBuildFile; fileRef = 4617406A2C31C29600676EFE /* FontStyles.swift */; };
		4617406D2C31C4A500676EFE /* FiraCode-VF.ttf in Resources */ = {isa = PBXBuildFile; fileRef = 4617406C2C31C4A500676EFE /* FiraCode-VF.ttf */; };
		4619EC2D2C2C539D00942CBF /* Sparkle in Frameworks */ = {isa = PBXBuildFile; productRef = 4619EC2C2C2C539D00942CBF /* Sparkle */; };
		466387722C2AFBD2007A6668 /* OscarApp.swift in Sources */ = {isa = PBXBuildFile; fileRef = 466387712C2AFBD2007A6668 /* OscarApp.swift */; };
		466387742C2AFBD2007A6668 /* ContentView.swift in Sources */ = {isa = PBXBuildFile; fileRef = 466387732C2AFBD2007A6668 /* ContentView.swift */; };
		466387762C2AFBD3007A6668 /* Assets.xcassets in Resources */ = {isa = PBXBuildFile; fileRef = 466387752C2AFBD3007A6668 /* Assets.xcassets */; };
		466387A12C2AFC59007A6668 /* Defaults in Frameworks */ = {isa = PBXBuildFile; productRef = 466387A02C2AFC59007A6668 /* Defaults */; };
		466387A42C2AFF65007A6668 /* OSCKit in Frameworks */ = {isa = PBXBuildFile; productRef = 466387A32C2AFF65007A6668 /* OSCKit */; };
		466387A62C2AFF65007A6668 /* OSCKitCore in Frameworks */ = {isa = PBXBuildFile; productRef = 466387A52C2AFF65007A6668 /* OSCKitCore */; };
		469C3F6E2C2C572700C2F270 /* volicon.icns in Resources */ = {isa = PBXBuildFile; fileRef = 469C3F6D2C2C572700C2F270 /* volicon.icns */; };
		469C3F752C2C6F5C00C2F270 /* Updater.swift in Sources */ = {isa = PBXBuildFile; fileRef = 469C3F742C2C6F5800C2F270 /* Updater.swift */; };
		469C3F772C2C6F7B00C2F270 /* SettingsView.swift in Sources */ = {isa = PBXBuildFile; fileRef = 469C3F762C2C6F7700C2F270 /* SettingsView.swift */; };
		469C3F7A2C2C6FBA00C2F270 /* Defaults.swift in Sources */ = {isa = PBXBuildFile; fileRef = 469C3F792C2C6FB700C2F270 /* Defaults.swift */; };
		469C3F7D2C2C6FFF00C2F270 /* OSCChannel.swift in Sources */ = {isa = PBXBuildFile; fileRef = 469C3F7C2C2C6FF900C2F270 /* OSCChannel.swift */; };
		469C3F7F2C2C702D00C2F270 /* OSCObserver.swift in Sources */ = {isa = PBXBuildFile; fileRef = 469C3F7E2C2C702600C2F270 /* OSCObserver.swift */; };
		469C3F822C2C708000C2F270 /* OSCDetailViews.swift in Sources */ = {isa = PBXBuildFile; fileRef = 469C3F812C2C707B00C2F270 /* OSCDetailViews.swift */; };
		469C3F842C2C70BA00C2F270 /* OSCChannelTableView.swift in Sources */ = {isa = PBXBuildFile; fileRef = 469C3F832C2C70B900C2F270 /* OSCChannelTableView.swift */; };
/* End PBXBuildFile section */

/* Begin PBXFileReference section */
		4617406A2C31C29600676EFE /* FontStyles.swift */ = {isa = PBXFileReference; lastKnownFileType = sourcecode.swift; path = FontStyles.swift; sourceTree = "<group>"; };
		4617406C2C31C4A500676EFE /* FiraCode-VF.ttf */ = {isa = PBXFileReference; lastKnownFileType = file; path = "FiraCode-VF.ttf"; sourceTree = "<group>"; };
		4619EC292C2C506A00942CBF /* ci_post_xcodebuild.sh */ = {isa = PBXFileReference; lastKnownFileType = text.script.sh; path = ci_post_xcodebuild.sh; sourceTree = "<group>"; };
		4619EC2A2C2C50B900942CBF /* ci_post_clone.sh */ = {isa = PBXFileReference; lastKnownFileType = text.script.sh; path = ci_post_clone.sh; sourceTree = "<group>"; };
		4663876E2C2AFBD2007A6668 /* Oscar.app */ = {isa = PBXFileReference; explicitFileType = wrapper.application; includeInIndex = 0; path = Oscar.app; sourceTree = BUILT_PRODUCTS_DIR; };
		466387712C2AFBD2007A6668 /* OscarApp.swift */ = {isa = PBXFileReference; lastKnownFileType = sourcecode.swift; path = OscarApp.swift; sourceTree = "<group>"; };
		466387732C2AFBD2007A6668 /* ContentView.swift */ = {isa = PBXFileReference; lastKnownFileType = sourcecode.swift; path = ContentView.swift; sourceTree = "<group>"; };
		466387752C2AFBD3007A6668 /* Assets.xcassets */ = {isa = PBXFileReference; lastKnownFileType = folder.assetcatalog; path = Assets.xcassets; sourceTree = "<group>"; };
		4663877A2C2AFBD3007A6668 /* Oscar.entitlements */ = {isa = PBXFileReference; lastKnownFileType = text.plist.entitlements; path = Oscar.entitlements; sourceTree = "<group>"; };
		466387AF2C2C3B4C007A6668 /* Info.plist */ = {isa = PBXFileReference; lastKnownFileType = text.plist; path = Info.plist; sourceTree = "<group>"; };
		469C3F6D2C2C572700C2F270 /* volicon.icns */ = {isa = PBXFileReference; lastKnownFileType = image.icns; path = volicon.icns; sourceTree = "<group>"; };
		469C3F702C2C63D100C2F270 /* BinaryDelta */ = {isa = PBXFileReference; lastKnownFileType = "compiled.mach-o.executable"; path = BinaryDelta; sourceTree = "<group>"; };
		469C3F712C2C63D100C2F270 /* generate_appcast */ = {isa = PBXFileReference; lastKnownFileType = "compiled.mach-o.executable"; path = generate_appcast; sourceTree = "<group>"; };
		469C3F722C2C63D100C2F270 /* generate_keys */ = {isa = PBXFileReference; lastKnownFileType = "compiled.mach-o.executable"; path = generate_keys; sourceTree = "<group>"; };
		469C3F732C2C63D100C2F270 /* sign_update */ = {isa = PBXFileReference; lastKnownFileType = "compiled.mach-o.executable"; path = sign_update; sourceTree = "<group>"; };
		469C3F742C2C6F5800C2F270 /* Updater.swift */ = {isa = PBXFileReference; lastKnownFileType = sourcecode.swift; path = Updater.swift; sourceTree = "<group>"; };
		469C3F762C2C6F7700C2F270 /* SettingsView.swift */ = {isa = PBXFileReference; lastKnownFileType = sourcecode.swift; path = SettingsView.swift; sourceTree = "<group>"; };
		469C3F792C2C6FB700C2F270 /* Defaults.swift */ = {isa = PBXFileReference; lastKnownFileType = sourcecode.swift; path = Defaults.swift; sourceTree = "<group>"; };
		469C3F7C2C2C6FF900C2F270 /* OSCChannel.swift */ = {isa = PBXFileReference; lastKnownFileType = sourcecode.swift; path = OSCChannel.swift; sourceTree = "<group>"; };
		469C3F7E2C2C702600C2F270 /* OSCObserver.swift */ = {isa = PBXFileReference; lastKnownFileType = sourcecode.swift; path = OSCObserver.swift; sourceTree = "<group>"; };
		469C3F812C2C707B00C2F270 /* OSCDetailViews.swift */ = {isa = PBXFileReference; lastKnownFileType = sourcecode.swift; path = OSCDetailViews.swift; sourceTree = "<group>"; };
		469C3F832C2C70B900C2F270 /* OSCChannelTableView.swift */ = {isa = PBXFileReference; lastKnownFileType = sourcecode.swift; path = OSCChannelTableView.swift; sourceTree = "<group>"; };
		469C3F852C2C777600C2F270 /* .gitignore */ = {isa = PBXFileReference; lastKnownFileType = text; path = .gitignore; sourceTree = "<group>"; };
		469C3F862C2C777600C2F270 /* LICENSE.md */ = {isa = PBXFileReference; lastKnownFileType = net.daringfireball.markdown; path = LICENSE.md; sourceTree = "<group>"; };
		469C3F872C2C777600C2F270 /* README.md */ = {isa = PBXFileReference; lastKnownFileType = net.daringfireball.markdown; path = README.md; sourceTree = "<group>"; };
/* End PBXFileReference section */

/* Begin PBXFrameworksBuildPhase section */
		4663876B2C2AFBD2007A6668 /* Frameworks */ = {
			isa = PBXFrameworksBuildPhase;
			buildActionMask = 2147483647;
			files = (
				466387A12C2AFC59007A6668 /* Defaults in Frameworks */,
				4619EC2D2C2C539D00942CBF /* Sparkle in Frameworks */,
				466387A42C2AFF65007A6668 /* OSCKit in Frameworks */,
				466387A62C2AFF65007A6668 /* OSCKitCore in Frameworks */,
			);
			runOnlyForDeploymentPostprocessing = 0;
		};
/* End PBXFrameworksBuildPhase section */

/* Begin PBXGroup section */
		461740692C31C28700676EFE /* style */ = {
			isa = PBXGroup;
			children = (
				4617406A2C31C29600676EFE /* FontStyles.swift */,
			);
			path = style;
			sourceTree = "<group>";
		};
		4619EC282C2C506100942CBF /* ci_scripts */ = {
			isa = PBXGroup;
			children = (
				469C3F6F2C2C63C300C2F270 /* bin */,
				469C3F6D2C2C572700C2F270 /* volicon.icns */,
				4619EC2A2C2C50B900942CBF /* ci_post_clone.sh */,
				4619EC292C2C506A00942CBF /* ci_post_xcodebuild.sh */,
			);
			path = ci_scripts;
			sourceTree = "<group>";
		};
		466387652C2AFBD2007A6668 = {
			isa = PBXGroup;
			children = (
				469C3F852C2C777600C2F270 /* .gitignore */,
				469C3F862C2C777600C2F270 /* LICENSE.md */,
				469C3F872C2C777600C2F270 /* README.md */,
				469C3F6C2C2C571500C2F270 /* resources */,
				4619EC282C2C506100942CBF /* ci_scripts */,
				466387702C2AFBD2007A6668 /* oscar */,
				4663876F2C2AFBD2007A6668 /* Products */,
			);
			sourceTree = "<group>";
		};
		4663876F2C2AFBD2007A6668 /* Products */ = {
			isa = PBXGroup;
			children = (
				4663876E2C2AFBD2007A6668 /* Oscar.app */,
			);
			name = Products;
			sourceTree = "<group>";
		};
		466387702C2AFBD2007A6668 /* oscar */ = {
			isa = PBXGroup;
			children = (
				461740692C31C28700676EFE /* style */,
				469C3F802C2C706A00C2F270 /* main_views */,
				469C3F7B2C2C6FE600C2F270 /* osc_models */,
				469C3F782C2C6F9900C2F270 /* preferences */,
				466387AF2C2C3B4C007A6668 /* Info.plist */,
				466387712C2AFBD2007A6668 /* OscarApp.swift */,
				466387732C2AFBD2007A6668 /* ContentView.swift */,
				4663877A2C2AFBD3007A6668 /* Oscar.entitlements */,
			);
			path = oscar;
			sourceTree = "<group>";
		};
		469C3F6C2C2C571500C2F270 /* resources */ = {
			isa = PBXGroup;
			children = (
				466387752C2AFBD3007A6668 /* Assets.xcassets */,
				4617406C2C31C4A500676EFE /* FiraCode-VF.ttf */,
			);
			path = resources;
			sourceTree = "<group>";
		};
		469C3F6F2C2C63C300C2F270 /* bin */ = {
			isa = PBXGroup;
			children = (
				469C3F702C2C63D100C2F270 /* BinaryDelta */,
				469C3F712C2C63D100C2F270 /* generate_appcast */,
				469C3F722C2C63D100C2F270 /* generate_keys */,
				469C3F732C2C63D100C2F270 /* sign_update */,
			);
			path = bin;
			sourceTree = "<group>";
		};
		469C3F782C2C6F9900C2F270 /* preferences */ = {
			isa = PBXGroup;
			children = (
				469C3F792C2C6FB700C2F270 /* Defaults.swift */,
				469C3F762C2C6F7700C2F270 /* SettingsView.swift */,
				469C3F742C2C6F5800C2F270 /* Updater.swift */,
			);
			path = preferences;
			sourceTree = "<group>";
		};
		469C3F7B2C2C6FE600C2F270 /* osc_models */ = {
			isa = PBXGroup;
			children = (
				469C3F7E2C2C702600C2F270 /* OSCObserver.swift */,
				469C3F7C2C2C6FF900C2F270 /* OSCChannel.swift */,
			);
			path = osc_models;
			sourceTree = "<group>";
		};
		469C3F802C2C706A00C2F270 /* main_views */ = {
			isa = PBXGroup;
			children = (
				469C3F832C2C70B900C2F270 /* OSCChannelTableView.swift */,
				469C3F812C2C707B00C2F270 /* OSCDetailViews.swift */,
			);
			path = main_views;
			sourceTree = "<group>";
		};
/* End PBXGroup section */

/* Begin PBXNativeTarget section */
		4663876D2C2AFBD2007A6668 /* Oscar */ = {
			isa = PBXNativeTarget;
			buildConfigurationList = 466387932C2AFBD3007A6668 /* Build configuration list for PBXNativeTarget "Oscar" */;
			buildPhases = (
				4663876A2C2AFBD2007A6668 /* Sources */,
				4663876B2C2AFBD2007A6668 /* Frameworks */,
				4663876C2C2AFBD2007A6668 /* Resources */,
			);
			buildRules = (
			);
			dependencies = (
			);
			name = Oscar;
			packageProductDependencies = (
				466387A02C2AFC59007A6668 /* Defaults */,
				466387A32C2AFF65007A6668 /* OSCKit */,
				466387A52C2AFF65007A6668 /* OSCKitCore */,
				4619EC2C2C2C539D00942CBF /* Sparkle */,
			);
			productName = Oscar;
			productReference = 4663876E2C2AFBD2007A6668 /* Oscar.app */;
			productType = "com.apple.product-type.application";
		};
/* End PBXNativeTarget section */

/* Begin PBXProject section */
		466387662C2AFBD2007A6668 /* Project object */ = {
			isa = PBXProject;
			attributes = {
				BuildIndependentTargetsInParallel = 1;
				LastSwiftUpdateCheck = 1600;
				LastUpgradeCheck = 1600;
				TargetAttributes = {
					4663876D2C2AFBD2007A6668 = {
						CreatedOnToolsVersion = 16.0;
					};
				};
			};
			buildConfigurationList = 466387692C2AFBD2007A6668 /* Build configuration list for PBXProject "Oscar" */;
			compatibilityVersion = "Xcode 15.0";
			developmentRegion = en;
			hasScannedForEncodings = 0;
			knownRegions = (
				en,
				Base,
			);
			mainGroup = 466387652C2AFBD2007A6668;
			packageReferences = (
				4663879F2C2AFC59007A6668 /* XCRemoteSwiftPackageReference "Defaults" */,
				466387A22C2AFF65007A6668 /* XCRemoteSwiftPackageReference "OSCKit" */,
				4619EC2B2C2C539D00942CBF /* XCRemoteSwiftPackageReference "Sparkle" */,
			);
			productRefGroup = 4663876F2C2AFBD2007A6668 /* Products */;
			projectDirPath = "";
			projectRoot = "";
			targets = (
				4663876D2C2AFBD2007A6668 /* Oscar */,
			);
		};
/* End PBXProject section */

/* Begin PBXResourcesBuildPhase section */
		4663876C2C2AFBD2007A6668 /* Resources */ = {
			isa = PBXResourcesBuildPhase;
			buildActionMask = 2147483647;
			files = (
				4617406D2C31C4A500676EFE /* FiraCode-VF.ttf in Resources */,
				466387762C2AFBD3007A6668 /* Assets.xcassets in Resources */,
				469C3F6E2C2C572700C2F270 /* volicon.icns in Resources */,
			);
			runOnlyForDeploymentPostprocessing = 0;
		};
/* End PBXResourcesBuildPhase section */

/* Begin PBXSourcesBuildPhase section */
		4663876A2C2AFBD2007A6668 /* Sources */ = {
			isa = PBXSourcesBuildPhase;
			buildActionMask = 2147483647;
			files = (
				466387742C2AFBD2007A6668 /* ContentView.swift in Sources */,
				469C3F772C2C6F7B00C2F270 /* SettingsView.swift in Sources */,
				469C3F7A2C2C6FBA00C2F270 /* Defaults.swift in Sources */,
				466387722C2AFBD2007A6668 /* OscarApp.swift in Sources */,
				469C3F7F2C2C702D00C2F270 /* OSCObserver.swift in Sources */,
				469C3F822C2C708000C2F270 /* OSCDetailViews.swift in Sources */,
				4617406B2C31C29D00676EFE /* FontStyles.swift in Sources */,
				469C3F842C2C70BA00C2F270 /* OSCChannelTableView.swift in Sources */,
				469C3F752C2C6F5C00C2F270 /* Updater.swift in Sources */,
				469C3F7D2C2C6FFF00C2F270 /* OSCChannel.swift in Sources */,
			);
			runOnlyForDeploymentPostprocessing = 0;
		};
/* End PBXSourcesBuildPhase section */

/* Begin XCBuildConfiguration section */
		466387912C2AFBD3007A6668 /* Debug */ = {
			isa = XCBuildConfiguration;
			buildSettings = {
				ALWAYS_SEARCH_USER_PATHS = NO;
				ASSETCATALOG_COMPILER_GENERATE_SWIFT_ASSET_SYMBOL_EXTENSIONS = YES;
				CLANG_ANALYZER_NONNULL = YES;
				CLANG_ANALYZER_NUMBER_OBJECT_CONVERSION = YES_AGGRESSIVE;
				CLANG_CXX_LANGUAGE_STANDARD = "gnu++20";
				CLANG_ENABLE_MODULES = YES;
				CLANG_ENABLE_OBJC_ARC = YES;
				CLANG_ENABLE_OBJC_WEAK = YES;
				CLANG_WARN_BLOCK_CAPTURE_AUTORELEASING = YES;
				CLANG_WARN_BOOL_CONVERSION = YES;
				CLANG_WARN_COMMA = YES;
				CLANG_WARN_CONSTANT_CONVERSION = YES;
				CLANG_WARN_DEPRECATED_OBJC_IMPLEMENTATIONS = YES;
				CLANG_WARN_DIRECT_OBJC_ISA_USAGE = YES_ERROR;
				CLANG_WARN_DOCUMENTATION_COMMENTS = YES;
				CLANG_WARN_EMPTY_BODY = YES;
				CLANG_WARN_ENUM_CONVERSION = YES;
				CLANG_WARN_INFINITE_RECURSION = YES;
				CLANG_WARN_INT_CONVERSION = YES;
				CLANG_WARN_NON_LITERAL_NULL_CONVERSION = YES;
				CLANG_WARN_OBJC_IMPLICIT_RETAIN_SELF = YES;
				CLANG_WARN_OBJC_LITERAL_CONVERSION = YES;
				CLANG_WARN_OBJC_ROOT_CLASS = YES_ERROR;
				CLANG_WARN_QUOTED_INCLUDE_IN_FRAMEWORK_HEADER = YES;
				CLANG_WARN_RANGE_LOOP_ANALYSIS = YES;
				CLANG_WARN_STRICT_PROTOTYPES = YES;
				CLANG_WARN_SUSPICIOUS_MOVE = YES;
				CLANG_WARN_UNGUARDED_AVAILABILITY = YES_AGGRESSIVE;
				CLANG_WARN_UNREACHABLE_CODE = YES;
				CLANG_WARN__DUPLICATE_METHOD_MATCH = YES;
				COPY_PHASE_STRIP = NO;
				DEBUG_INFORMATION_FORMAT = dwarf;
				ENABLE_STRICT_OBJC_MSGSEND = YES;
				ENABLE_TESTABILITY = YES;
				ENABLE_USER_SCRIPT_SANDBOXING = YES;
				GCC_C_LANGUAGE_STANDARD = gnu17;
				GCC_DYNAMIC_NO_PIC = NO;
				GCC_NO_COMMON_BLOCKS = YES;
				GCC_OPTIMIZATION_LEVEL = 0;
				GCC_PREPROCESSOR_DEFINITIONS = (
					"DEBUG=1",
					"$(inherited)",
				);
				GCC_WARN_64_TO_32_BIT_CONVERSION = YES;
				GCC_WARN_ABOUT_RETURN_TYPE = YES_ERROR;
				GCC_WARN_UNDECLARED_SELECTOR = YES;
				GCC_WARN_UNINITIALIZED_AUTOS = YES_AGGRESSIVE;
				GCC_WARN_UNUSED_FUNCTION = YES;
				GCC_WARN_UNUSED_VARIABLE = YES;
				LOCALIZATION_PREFERS_STRING_CATALOGS = YES;
				MACOSX_DEPLOYMENT_TARGET = 14.5;
				MTL_ENABLE_DEBUG_INFO = INCLUDE_SOURCE;
				MTL_FAST_MATH = YES;
				ONLY_ACTIVE_ARCH = YES;
				SDKROOT = macosx;
				SWIFT_ACTIVE_COMPILATION_CONDITIONS = "DEBUG $(inherited)";
				SWIFT_OPTIMIZATION_LEVEL = "-Onone";
			};
			name = Debug;
		};
		466387922C2AFBD3007A6668 /* Release */ = {
			isa = XCBuildConfiguration;
			buildSettings = {
				ALWAYS_SEARCH_USER_PATHS = NO;
				ASSETCATALOG_COMPILER_GENERATE_SWIFT_ASSET_SYMBOL_EXTENSIONS = YES;
				CLANG_ANALYZER_NONNULL = YES;
				CLANG_ANALYZER_NUMBER_OBJECT_CONVERSION = YES_AGGRESSIVE;
				CLANG_CXX_LANGUAGE_STANDARD = "gnu++20";
				CLANG_ENABLE_MODULES = YES;
				CLANG_ENABLE_OBJC_ARC = YES;
				CLANG_ENABLE_OBJC_WEAK = YES;
				CLANG_WARN_BLOCK_CAPTURE_AUTORELEASING = YES;
				CLANG_WARN_BOOL_CONVERSION = YES;
				CLANG_WARN_COMMA = YES;
				CLANG_WARN_CONSTANT_CONVERSION = YES;
				CLANG_WARN_DEPRECATED_OBJC_IMPLEMENTATIONS = YES;
				CLANG_WARN_DIRECT_OBJC_ISA_USAGE = YES_ERROR;
				CLANG_WARN_DOCUMENTATION_COMMENTS = YES;
				CLANG_WARN_EMPTY_BODY = YES;
				CLANG_WARN_ENUM_CONVERSION = YES;
				CLANG_WARN_INFINITE_RECURSION = YES;
				CLANG_WARN_INT_CONVERSION = YES;
				CLANG_WARN_NON_LITERAL_NULL_CONVERSION = YES;
				CLANG_WARN_OBJC_IMPLICIT_RETAIN_SELF = YES;
				CLANG_WARN_OBJC_LITERAL_CONVERSION = YES;
				CLANG_WARN_OBJC_ROOT_CLASS = YES_ERROR;
				CLANG_WARN_QUOTED_INCLUDE_IN_FRAMEWORK_HEADER = YES;
				CLANG_WARN_RANGE_LOOP_ANALYSIS = YES;
				CLANG_WARN_STRICT_PROTOTYPES = YES;
				CLANG_WARN_SUSPICIOUS_MOVE = YES;
				CLANG_WARN_UNGUARDED_AVAILABILITY = YES_AGGRESSIVE;
				CLANG_WARN_UNREACHABLE_CODE = YES;
				CLANG_WARN__DUPLICATE_METHOD_MATCH = YES;
				COPY_PHASE_STRIP = NO;
				DEBUG_INFORMATION_FORMAT = "dwarf-with-dsym";
				ENABLE_NS_ASSERTIONS = NO;
				ENABLE_STRICT_OBJC_MSGSEND = YES;
				ENABLE_USER_SCRIPT_SANDBOXING = YES;
				GCC_C_LANGUAGE_STANDARD = gnu17;
				GCC_NO_COMMON_BLOCKS = YES;
				GCC_WARN_64_TO_32_BIT_CONVERSION = YES;
				GCC_WARN_ABOUT_RETURN_TYPE = YES_ERROR;
				GCC_WARN_UNDECLARED_SELECTOR = YES;
				GCC_WARN_UNINITIALIZED_AUTOS = YES_AGGRESSIVE;
				GCC_WARN_UNUSED_FUNCTION = YES;
				GCC_WARN_UNUSED_VARIABLE = YES;
				LOCALIZATION_PREFERS_STRING_CATALOGS = YES;
				MACOSX_DEPLOYMENT_TARGET = 14.5;
				MTL_ENABLE_DEBUG_INFO = NO;
				MTL_FAST_MATH = YES;
				SDKROOT = macosx;
				SWIFT_COMPILATION_MODE = wholemodule;
			};
			name = Release;
		};
		466387942C2AFBD3007A6668 /* Debug */ = {
			isa = XCBuildConfiguration;
			buildSettings = {
				ASSETCATALOG_COMPILER_APPICON_NAME = AppIcon;
				ASSETCATALOG_COMPILER_GLOBAL_ACCENT_COLOR_NAME = Accent;
				CODE_SIGN_ENTITLEMENTS = Oscar/Oscar.entitlements;
				CODE_SIGN_IDENTITY = "Apple Development";
				"CODE_SIGN_IDENTITY[sdk=macosx*]" = "Apple Development";
				CODE_SIGN_STYLE = Automatic;
				COMBINE_HIDPI_IMAGES = YES;
				CURRENT_PROJECT_VERSION = 1;
				DEVELOPMENT_TEAM = DYN8HQ6QQR;
				ENABLE_HARDENED_RUNTIME = YES;
				ENABLE_PREVIEWS = YES;
				GENERATE_INFOPLIST_FILE = YES;
				INFOPLIST_FILE = Oscar/Info.plist;
				INFOPLIST_KEY_LSApplicationCategoryType = "public.app-category.music";
				INFOPLIST_KEY_NSHumanReadableCopyright = "";
				LD_RUNPATH_SEARCH_PATHS = (
					"$(inherited)",
					"@executable_path/../Frameworks",
				);
				MACOSX_DEPLOYMENT_TARGET = 14.0;
				MARKETING_VERSION = 1.0;
				PRODUCT_BUNDLE_IDENTIFIER = studio.klinke.oscar;
				PRODUCT_NAME = "$(TARGET_NAME)";
				PROVISIONING_PROFILE_SPECIFIER = "";
				SWIFT_EMIT_LOC_STRINGS = YES;
				SWIFT_VERSION = 5.0;
			};
			name = Debug;
		};
		466387952C2AFBD3007A6668 /* Release */ = {
			isa = XCBuildConfiguration;
			buildSettings = {
				ASSETCATALOG_COMPILER_APPICON_NAME = AppIcon;
				ASSETCATALOG_COMPILER_GLOBAL_ACCENT_COLOR_NAME = Accent;
				CODE_SIGN_ENTITLEMENTS = Oscar/Oscar.entitlements;
				CODE_SIGN_IDENTITY = "Apple Development";
				"CODE_SIGN_IDENTITY[sdk=macosx*]" = "Apple Development";
				CODE_SIGN_STYLE = Automatic;
				COMBINE_HIDPI_IMAGES = YES;
				CURRENT_PROJECT_VERSION = 1;
				DEVELOPMENT_TEAM = DYN8HQ6QQR;
				ENABLE_HARDENED_RUNTIME = YES;
				ENABLE_PREVIEWS = YES;
				GENERATE_INFOPLIST_FILE = YES;
				INFOPLIST_FILE = Oscar/Info.plist;
				INFOPLIST_KEY_LSApplicationCategoryType = "public.app-category.music";
				INFOPLIST_KEY_NSHumanReadableCopyright = "";
				LD_RUNPATH_SEARCH_PATHS = (
					"$(inherited)",
					"@executable_path/../Frameworks",
				);
				MACOSX_DEPLOYMENT_TARGET = 14.0;
				MARKETING_VERSION = 1.0;
				PRODUCT_BUNDLE_IDENTIFIER = studio.klinke.oscar;
				PRODUCT_NAME = "$(TARGET_NAME)";
				PROVISIONING_PROFILE_SPECIFIER = "";
				SWIFT_EMIT_LOC_STRINGS = YES;
				SWIFT_VERSION = 5.0;
			};
			name = Release;
		};
/* End XCBuildConfiguration section */

/* Begin XCConfigurationList section */
		466387692C2AFBD2007A6668 /* Build configuration list for PBXProject "Oscar" */ = {
			isa = XCConfigurationList;
			buildConfigurations = (
				466387912C2AFBD3007A6668 /* Debug */,
				466387922C2AFBD3007A6668 /* Release */,
			);
			defaultConfigurationIsVisible = 0;
			defaultConfigurationName = Release;
		};
		466387932C2AFBD3007A6668 /* Build configuration list for PBXNativeTarget "Oscar" */ = {
			isa = XCConfigurationList;
			buildConfigurations = (
				466387942C2AFBD3007A6668 /* Debug */,
				466387952C2AFBD3007A6668 /* Release */,
			);
			defaultConfigurationIsVisible = 0;
			defaultConfigurationName = Release;
		};
/* End XCConfigurationList section */

/* Begin XCRemoteSwiftPackageReference section */
		4619EC2B2C2C539D00942CBF /* XCRemoteSwiftPackageReference "Sparkle" */ = {
			isa = XCRemoteSwiftPackageReference;
			repositoryURL = "https://github.com/sparkle-project/Sparkle";
			requirement = {
				kind = upToNextMajorVersion;
				minimumVersion = 2.6.3;
			};
		};
		4663879F2C2AFC59007A6668 /* XCRemoteSwiftPackageReference "Defaults" */ = {
			isa = XCRemoteSwiftPackageReference;
			repositoryURL = "https://github.com/sindresorhus/Defaults";
			requirement = {
				branch = main;
				kind = branch;
			};
		};
		466387A22C2AFF65007A6668 /* XCRemoteSwiftPackageReference "OSCKit" */ = {
			isa = XCRemoteSwiftPackageReference;
			repositoryURL = "https://github.com/orchetect/OSCKit";
			requirement = {
				kind = upToNextMajorVersion;
				minimumVersion = 0.5.1;
			};
		};
/* End XCRemoteSwiftPackageReference section */

/* Begin XCSwiftPackageProductDependency section */
		4619EC2C2C2C539D00942CBF /* Sparkle */ = {
			isa = XCSwiftPackageProductDependency;
			package = 4619EC2B2C2C539D00942CBF /* XCRemoteSwiftPackageReference "Sparkle" */;
			productName = Sparkle;
		};
		466387A02C2AFC59007A6668 /* Defaults */ = {
			isa = XCSwiftPackageProductDependency;
			package = 4663879F2C2AFC59007A6668 /* XCRemoteSwiftPackageReference "Defaults" */;
			productName = Defaults;
		};
		466387A32C2AFF65007A6668 /* OSCKit */ = {
			isa = XCSwiftPackageProductDependency;
			package = 466387A22C2AFF65007A6668 /* XCRemoteSwiftPackageReference "OSCKit" */;
			productName = OSCKit;
		};
		466387A52C2AFF65007A6668 /* OSCKitCore */ = {
			isa = XCSwiftPackageProductDependency;
			package = 466387A22C2AFF65007A6668 /* XCRemoteSwiftPackageReference "OSCKit" */;
			productName = OSCKitCore;
		};
/* End XCSwiftPackageProductDependency section */
	};
	rootObject = 466387662C2AFBD2007A6668 /* Project object */;
}
